
Microsoft Visual Studio Solution File, Format Version 12.00
# Visual Studio Version 16
VisualStudioVersion = 16.0.28922.388
MinimumVisualStudioVersion = 10.0.40219.1
Project("{9A19103F-16F7-4668-BE54-9A1E7A4F7556}") = "PurpleFridayTweetListener", "PurpleFridayTweetListener\PurpleFridayTweetListener.csproj", "{0C9DD4E7-6990-445E-BC0A-821A4DB4B184}"
EndProject
Project("{9A19103F-16F7-4668-BE54-9A1E7A4F7556}") = "PurpleFridayTweetListener.LocationFinder", "PurpleFridayTweetListener.LocationFinder\PurpleFridayTweetListener.LocationFinder.csproj", "{C39E33B2-FB37-4EA0-B1B6-B3C468FC7798}"
EndProject
Project("{9A19103F-16F7-4668-BE54-9A1E7A4F7556}") = "PurpleFridayTweetListener.LocationFinder.Tests", "PurpleFridayTweetListener.LocationFinder.Tests\PurpleFridayTweetListener.LocationFinder.Tests.csproj", "{7C227E45-067F-4B1B-B729-1E3E2344EF81}"
EndProject
Project("{FAE04EC0-301F-11D3-BF4B-00C04F79EFBC}") = "PurpleFridayTweetListener.Communicator", "PurpleFridayTweetListener.Communicator\PurpleFridayTweetListener.Communicator.csproj", "{0A9E1B66-D421-47F8-A06F-25CF83689416}"
EndProject
Project("{FAE04EC0-301F-11D3-BF4B-00C04F79EFBC}") = "PurpleFridayTweetListener.Logger", "PurpleFridayTweetListener.Logger\PurpleFridayTweetListener.Logger.csproj", "{E926D1E5-B16E-49FA-B7EB-9AD639D09B7B}"
EndProject
Global
	GlobalSection(SolutionConfigurationPlatforms) = preSolution
		Debug|Any CPU = Debug|Any CPU
		Release|Any CPU = Release|Any CPU
	EndGlobalSection
	GlobalSection(ProjectConfigurationPlatforms) = postSolution
		{0C9DD4E7-6990-445E-BC0A-821A4DB4B184}.Debug|Any CPU.ActiveCfg = Debug|Any CPU
		{0C9DD4E7-6990-445E-BC0A-821A4DB4B184}.Debug|Any CPU.Build.0 = Debug|Any CPU
		{0C9DD4E7-6990-445E-BC0A-821A4DB4B184}.Release|Any CPU.ActiveCfg = Release|Any CPU
		{0C9DD4E7-6990-445E-BC0A-821A4DB4B184}.Release|Any CPU.Build.0 = Release|Any CPU
		{C39E33B2-FB37-4EA0-B1B6-B3C468FC7798}.Debug|Any CPU.ActiveCfg = Debug|Any CPU
		{C39E33B2-FB37-4EA0-B1B6-B3C468FC7798}.Debug|Any CPU.Build.0 = Debug|Any CPU
		{C39E33B2-FB37-4EA0-B1B6-B3C468FC7798}.Release|Any CPU.ActiveCfg = Release|Any CPU
		{C39E33B2-FB37-4EA0-B1B6-B3C468FC7798}.Release|Any CPU.Build.0 = Release|Any CPU
		{7C227E45-067F-4B1B-B729-1E3E2344EF81}.Debug|Any CPU.ActiveCfg = Debug|Any CPU
		{7C227E45-067F-4B1B-B729-1E3E2344EF81}.Debug|Any CPU.Build.0 = Debug|Any CPU
		{7C227E45-067F-4B1B-B729-1E3E2344EF81}.Release|Any CPU.ActiveCfg = Release|Any CPU
		{7C227E45-067F-4B1B-B729-1E3E2344EF81}.Release|Any CPU.Build.0 = Release|Any CPU
		{0A9E1B66-D421-47F8-A06F-25CF83689416}.Debug|Any CPU.ActiveCfg = Debug|Any CPU
		{0A9E1B66-D421-47F8-A06F-25CF83689416}.Debug|Any CPU.Build.0 = Debug|Any CPU
		{0A9E1B66-D421-47F8-A06F-25CF83689416}.Release|Any CPU.ActiveCfg = Release|Any CPU
		{0A9E1B66-D421-47F8-A06F-25CF83689416}.Release|Any CPU.Build.0 = Release|Any CPU
		{E926D1E5-B16E-49FA-B7EB-9AD639D09B7B}.Debug|Any CPU.ActiveCfg = Debug|Any CPU
		{E926D1E5-B16E-49FA-B7EB-9AD639D09B7B}.Debug|Any CPU.Build.0 = Debug|Any CPU
		{E926D1E5-B16E-49FA-B7EB-9AD639D09B7B}.Release|Any CPU.ActiveCfg = Release|Any CPU
		{E926D1E5-B16E-49FA-B7EB-9AD639D09B7B}.Release|Any CPU.Build.0 = Release|Any CPU
	EndGlobalSection
	GlobalSection(SolutionProperties) = preSolution
		HideSolutionNode = FALSE
	EndGlobalSection
	GlobalSection(ExtensibilityGlobals) = postSolution
		SolutionGuid = {CF1AD118-5319-47EB-92C6-14915F823F23}
	EndGlobalSection
EndGlobal
